
Microsoft Visual Studio Solution File, Format Version 12.00
# Visual Studio 15
VisualStudioVersion = 15.0.27130.2020
MinimumVisualStudioVersion = 10.0.40219.1
Project("{9A19103F-16F7-4668-BE54-9A1E7A4F7556}") = "CryptoBot", "CryptoBot\CryptoBot.csproj", "{B9E2CCC9-8C05-47E6-8CAF-404034739D66}"
EndProject
Global
	GlobalSection(SolutionConfigurationPlatforms) = preSolution
		Debug|Any CPU = Debug|Any CPU
		Release|Any CPU = Release|Any CPU
	EndGlobalSection
	GlobalSection(ProjectConfigurationPlatforms) = postSolution
		{B9E2CCC9-8C05-47E6-8CAF-404034739D66}.Debug|Any CPU.ActiveCfg = Debug|Any CPU
		{B9E2CCC9-8C05-47E6-8CAF-404034739D66}.Debug|Any CPU.Build.0 = Debug|Any CPU
		{B9E2CCC9-8C05-47E6-8CAF-404034739D66}.Release|Any CPU.ActiveCfg = Release|Any CPU
		{B9E2CCC9-8C05-47E6-8CAF-404034739D66}.Release|Any CPU.Build.0 = Release|Any CPU
	EndGlobalSection
	GlobalSection(SolutionProperties) = preSolution
		HideSolutionNode = FALSE
	EndGlobalSection
	GlobalSection(ExtensibilityGlobals) = postSolution
		SolutionGuid = {0461F052-B659-49CE-9DFD-AF00CDC174D0}
	EndGlobalSection
EndGlobal
